// !$*UTF8*$!
{
	archiveVersion = 1;
	classes = {
	};
	objectVersion = 51;
	objects = {

/* Begin PBXBuildFile section */
		30D97A5523764B6C00D63484 /* AppDelegate.swift in Sources */ = {isa = PBXBuildFile; fileRef = 30D97A5423764B6C00D63484 /* AppDelegate.swift */; };
		30D97A5723764B6C00D63484 /* SceneDelegate.swift in Sources */ = {isa = PBXBuildFile; fileRef = 30D97A5623764B6C00D63484 /* SceneDelegate.swift */; };
		30D97A5C23764B6C00D63484 /* Main.storyboard in Resources */ = {isa = PBXBuildFile; fileRef = 30D97A5A23764B6C00D63484 /* Main.storyboard */; };
		30D97A5E23764B7100D63484 /* Assets.xcassets in Resources */ = {isa = PBXBuildFile; fileRef = 30D97A5D23764B7100D63484 /* Assets.xcassets */; };
		30D97A6123764B7100D63484 /* LaunchScreen.storyboard in Resources */ = {isa = PBXBuildFile; fileRef = 30D97A5F23764B7100D63484 /* LaunchScreen.storyboard */; };
		30D97A6C23764B7100D63484 /* ACTO_AssessmentTests.swift in Sources */ = {isa = PBXBuildFile; fileRef = 30D97A6B23764B7100D63484 /* ACTO_AssessmentTests.swift */; };
		30D97A7723764C2200D63484 /* User.swift in Sources */ = {isa = PBXBuildFile; fileRef = 30D97A7623764C2200D63484 /* User.swift */; };
		30D97A7C23764E8800D63484 /* ApiProvider.swift in Sources */ = {isa = PBXBuildFile; fileRef = 30D97A7B23764E8800D63484 /* ApiProvider.swift */; };
		30D97A7E2376515100D63484 /* UsersTableViewController.swift in Sources */ = {isa = PBXBuildFile; fileRef = 30D97A7D2376515100D63484 /* UsersTableViewController.swift */; };
		30D97A82237653FF00D63484 /* UsersListViewModel.swift in Sources */ = {isa = PBXBuildFile; fileRef = 30D97A81237653FF00D63484 /* UsersListViewModel.swift */; };
		30D97A85237654F100D63484 /* UserViewModel.swift in Sources */ = {isa = PBXBuildFile; fileRef = 30D97A84237654F100D63484 /* UserViewModel.swift */; };
		30D97A8723765D6600D63484 /* UserTableViewCell.swift in Sources */ = {isa = PBXBuildFile; fileRef = 30D97A8623765D6600D63484 /* UserTableViewCell.swift */; };
		30FB6DC5237F26BD00C0EFC3 /* RealmManager.swift in Sources */ = {isa = PBXBuildFile; fileRef = 30FB6DC4237F26BD00C0EFC3 /* RealmManager.swift */; };
		30FB6DC8237F274F00C0EFC3 /* NetworkManager.swift in Sources */ = {isa = PBXBuildFile; fileRef = 30FB6DC7237F274F00C0EFC3 /* NetworkManager.swift */; };
		30FB6DCA2382F3D900C0EFC3 /* MainNavViewController.swift in Sources */ = {isa = PBXBuildFile; fileRef = 30FB6DC92382F3D900C0EFC3 /* MainNavViewController.swift */; };
		30FB6DCC2382F48800C0EFC3 /* NavigationViewModel.swift in Sources */ = {isa = PBXBuildFile; fileRef = 30FB6DCB2382F48800C0EFC3 /* NavigationViewModel.swift */; };
		30FB6DCE2382F50F00C0EFC3 /* Album.swift in Sources */ = {isa = PBXBuildFile; fileRef = 30FB6DCD2382F50F00C0EFC3 /* Album.swift */; };
		30FB6DD02382F7EF00C0EFC3 /* Photo.swift in Sources */ = {isa = PBXBuildFile; fileRef = 30FB6DCF2382F7EF00C0EFC3 /* Photo.swift */; };
		30FB6DD22382FA0800C0EFC3 /* AlbumsTableViewController.swift in Sources */ = {isa = PBXBuildFile; fileRef = 30FB6DD12382FA0800C0EFC3 /* AlbumsTableViewController.swift */; };
		30FB6DD42382FA4C00C0EFC3 /* AlbumsListViewModel.swift in Sources */ = {isa = PBXBuildFile; fileRef = 30FB6DD32382FA4C00C0EFC3 /* AlbumsListViewModel.swift */; };
		30FB6DD62382FB0800C0EFC3 /* AlbumViewModel.swift in Sources */ = {isa = PBXBuildFile; fileRef = 30FB6DD52382FB0800C0EFC3 /* AlbumViewModel.swift */; };
		30FB6DD82382FE6700C0EFC3 /* PhotosListViewModel.swift in Sources */ = {isa = PBXBuildFile; fileRef = 30FB6DD72382FE6700C0EFC3 /* PhotosListViewModel.swift */; };
		30FB6DDA2382FE8A00C0EFC3 /* PhotoViewModel.swift in Sources */ = {isa = PBXBuildFile; fileRef = 30FB6DD92382FE8A00C0EFC3 /* PhotoViewModel.swift */; };
		30FB6DDC2382FFC800C0EFC3 /* PhotosListTableViewController.swift in Sources */ = {isa = PBXBuildFile; fileRef = 30FB6DDB2382FFC800C0EFC3 /* PhotosListTableViewController.swift */; };
		343B2FDCDFE7B58FD95E7926 /* Pods_ACTO_Assessment.framework in Frameworks */ = {isa = PBXBuildFile; fileRef = B641EBA5F7E2CBD72B76314B /* Pods_ACTO_Assessment.framework */; };
		7FFCEB63DB773D53133CEF6F /* Pods_ACTO_AssessmentTests.framework in Frameworks */ = {isa = PBXBuildFile; fileRef = D3ECA465C5E980589373703C /* Pods_ACTO_AssessmentTests.framework */; };
/* End PBXBuildFile section */

/* Begin PBXContainerItemProxy section */
		30D97A6823764B7100D63484 /* PBXContainerItemProxy */ = {
			isa = PBXContainerItemProxy;
			containerPortal = 30D97A4923764B6C00D63484 /* Project object */;
			proxyType = 1;
			remoteGlobalIDString = 30D97A5023764B6C00D63484;
			remoteInfo = "ACTO Assessment";
		};
/* End PBXContainerItemProxy section */

/* Begin PBXFileReference section */
		00D78C78244072DDE1E2F745 /* Pods-ACTO Assessment.debug.xcconfig */ = {isa = PBXFileReference; includeInIndex = 1; lastKnownFileType = text.xcconfig; name = "Pods-ACTO Assessment.debug.xcconfig"; path = "Target Support Files/Pods-ACTO Assessment/Pods-ACTO Assessment.debug.xcconfig"; sourceTree = "<group>"; };
		30D97A5123764B6C00D63484 /* ACTO Assessment.app */ = {isa = PBXFileReference; explicitFileType = wrapper.application; includeInIndex = 0; path = "ACTO Assessment.app"; sourceTree = BUILT_PRODUCTS_DIR; };
		30D97A5423764B6C00D63484 /* AppDelegate.swift */ = {isa = PBXFileReference; lastKnownFileType = sourcecode.swift; path = AppDelegate.swift; sourceTree = "<group>"; };
		30D97A5623764B6C00D63484 /* SceneDelegate.swift */ = {isa = PBXFileReference; lastKnownFileType = sourcecode.swift; path = SceneDelegate.swift; sourceTree = "<group>"; };
		30D97A5B23764B6C00D63484 /* Base */ = {isa = PBXFileReference; lastKnownFileType = file.storyboard; name = Base; path = Base.lproj/Main.storyboard; sourceTree = "<group>"; };
		30D97A5D23764B7100D63484 /* Assets.xcassets */ = {isa = PBXFileReference; lastKnownFileType = folder.assetcatalog; path = Assets.xcassets; sourceTree = "<group>"; };
		30D97A6023764B7100D63484 /* Base */ = {isa = PBXFileReference; lastKnownFileType = file.storyboard; name = Base; path = Base.lproj/LaunchScreen.storyboard; sourceTree = "<group>"; };
		30D97A6223764B7100D63484 /* Info.plist */ = {isa = PBXFileReference; lastKnownFileType = text.plist.xml; path = Info.plist; sourceTree = "<group>"; };
		30D97A6723764B7100D63484 /* ACTO AssessmentTests.xctest */ = {isa = PBXFileReference; explicitFileType = wrapper.cfbundle; includeInIndex = 0; path = "ACTO AssessmentTests.xctest"; sourceTree = BUILT_PRODUCTS_DIR; };
		30D97A6B23764B7100D63484 /* ACTO_AssessmentTests.swift */ = {isa = PBXFileReference; lastKnownFileType = sourcecode.swift; path = ACTO_AssessmentTests.swift; sourceTree = "<group>"; };
		30D97A6D23764B7100D63484 /* Info.plist */ = {isa = PBXFileReference; lastKnownFileType = text.plist.xml; path = Info.plist; sourceTree = "<group>"; };
		30D97A7623764C2200D63484 /* User.swift */ = {isa = PBXFileReference; lastKnownFileType = sourcecode.swift; path = User.swift; sourceTree = "<group>"; };
		30D97A7B23764E8800D63484 /* ApiProvider.swift */ = {isa = PBXFileReference; lastKnownFileType = sourcecode.swift; path = ApiProvider.swift; sourceTree = "<group>"; };
		30D97A7D2376515100D63484 /* UsersTableViewController.swift */ = {isa = PBXFileReference; lastKnownFileType = sourcecode.swift; path = UsersTableViewController.swift; sourceTree = "<group>"; };
		30D97A81237653FF00D63484 /* UsersListViewModel.swift */ = {isa = PBXFileReference; lastKnownFileType = sourcecode.swift; path = UsersListViewModel.swift; sourceTree = "<group>"; };
		30D97A84237654F100D63484 /* UserViewModel.swift */ = {isa = PBXFileReference; lastKnownFileType = sourcecode.swift; path = UserViewModel.swift; sourceTree = "<group>"; };
		30D97A8623765D6600D63484 /* UserTableViewCell.swift */ = {isa = PBXFileReference; lastKnownFileType = sourcecode.swift; path = UserTableViewCell.swift; sourceTree = "<group>"; };
		30FB6DC4237F26BD00C0EFC3 /* RealmManager.swift */ = {isa = PBXFileReference; lastKnownFileType = sourcecode.swift; path = RealmManager.swift; sourceTree = "<group>"; };
		30FB6DC7237F274F00C0EFC3 /* NetworkManager.swift */ = {isa = PBXFileReference; lastKnownFileType = sourcecode.swift; path = NetworkManager.swift; sourceTree = "<group>"; };
		30FB6DC92382F3D900C0EFC3 /* MainNavViewController.swift */ = {isa = PBXFileReference; lastKnownFileType = sourcecode.swift; path = MainNavViewController.swift; sourceTree = "<group>"; };
		30FB6DCB2382F48800C0EFC3 /* NavigationViewModel.swift */ = {isa = PBXFileReference; lastKnownFileType = sourcecode.swift; path = NavigationViewModel.swift; sourceTree = "<group>"; };
		30FB6DCD2382F50F00C0EFC3 /* Album.swift */ = {isa = PBXFileReference; lastKnownFileType = sourcecode.swift; path = Album.swift; sourceTree = "<group>"; };
		30FB6DCF2382F7EF00C0EFC3 /* Photo.swift */ = {isa = PBXFileReference; lastKnownFileType = sourcecode.swift; path = Photo.swift; sourceTree = "<group>"; };
		30FB6DD12382FA0800C0EFC3 /* AlbumsTableViewController.swift */ = {isa = PBXFileReference; lastKnownFileType = sourcecode.swift; path = AlbumsTableViewController.swift; sourceTree = "<group>"; };
		30FB6DD32382FA4C00C0EFC3 /* AlbumsListViewModel.swift */ = {isa = PBXFileReference; lastKnownFileType = sourcecode.swift; path = AlbumsListViewModel.swift; sourceTree = "<group>"; };
		30FB6DD52382FB0800C0EFC3 /* AlbumViewModel.swift */ = {isa = PBXFileReference; lastKnownFileType = sourcecode.swift; path = AlbumViewModel.swift; sourceTree = "<group>"; };
		30FB6DD72382FE6700C0EFC3 /* PhotosListViewModel.swift */ = {isa = PBXFileReference; lastKnownFileType = sourcecode.swift; path = PhotosListViewModel.swift; sourceTree = "<group>"; };
		30FB6DD92382FE8A00C0EFC3 /* PhotoViewModel.swift */ = {isa = PBXFileReference; lastKnownFileType = sourcecode.swift; path = PhotoViewModel.swift; sourceTree = "<group>"; };
		30FB6DDB2382FFC800C0EFC3 /* PhotosListTableViewController.swift */ = {isa = PBXFileReference; lastKnownFileType = sourcecode.swift; path = PhotosListTableViewController.swift; sourceTree = "<group>"; };
		44D5DAD12C13C46BA8C43C49 /* Pods-ACTO Assessment.release.xcconfig */ = {isa = PBXFileReference; includeInIndex = 1; lastKnownFileType = text.xcconfig; name = "Pods-ACTO Assessment.release.xcconfig"; path = "Target Support Files/Pods-ACTO Assessment/Pods-ACTO Assessment.release.xcconfig"; sourceTree = "<group>"; };
		58A41F1F465B5D5CB1B76D6E /* Pods-ACTO AssessmentTests.debug.xcconfig */ = {isa = PBXFileReference; includeInIndex = 1; lastKnownFileType = text.xcconfig; name = "Pods-ACTO AssessmentTests.debug.xcconfig"; path = "Target Support Files/Pods-ACTO AssessmentTests/Pods-ACTO AssessmentTests.debug.xcconfig"; sourceTree = "<group>"; };
		B641EBA5F7E2CBD72B76314B /* Pods_ACTO_Assessment.framework */ = {isa = PBXFileReference; explicitFileType = wrapper.framework; includeInIndex = 0; path = Pods_ACTO_Assessment.framework; sourceTree = BUILT_PRODUCTS_DIR; };
		C1B5FE696B941A3EC991FF93 /* Pods-ACTO AssessmentTests.release.xcconfig */ = {isa = PBXFileReference; includeInIndex = 1; lastKnownFileType = text.xcconfig; name = "Pods-ACTO AssessmentTests.release.xcconfig"; path = "Target Support Files/Pods-ACTO AssessmentTests/Pods-ACTO AssessmentTests.release.xcconfig"; sourceTree = "<group>"; };
		D3ECA465C5E980589373703C /* Pods_ACTO_AssessmentTests.framework */ = {isa = PBXFileReference; explicitFileType = wrapper.framework; includeInIndex = 0; path = Pods_ACTO_AssessmentTests.framework; sourceTree = BUILT_PRODUCTS_DIR; };
/* End PBXFileReference section */

/* Begin PBXFrameworksBuildPhase section */
		30D97A4E23764B6C00D63484 /* Frameworks */ = {
			isa = PBXFrameworksBuildPhase;
			buildActionMask = 2147483647;
			files = (
				343B2FDCDFE7B58FD95E7926 /* Pods_ACTO_Assessment.framework in Frameworks */,
			);
			runOnlyForDeploymentPostprocessing = 0;
		};
		30D97A6423764B7100D63484 /* Frameworks */ = {
			isa = PBXFrameworksBuildPhase;
			buildActionMask = 2147483647;
			files = (
				7FFCEB63DB773D53133CEF6F /* Pods_ACTO_AssessmentTests.framework in Frameworks */,
			);
			runOnlyForDeploymentPostprocessing = 0;
		};
/* End PBXFrameworksBuildPhase section */

/* Begin PBXGroup section */
		30D97A4823764B6C00D63484 = {
			isa = PBXGroup;
			children = (
				30D97A5323764B6C00D63484 /* ACTO Assessment */,
				30D97A6A23764B7100D63484 /* ACTO AssessmentTests */,
				30D97A5223764B6C00D63484 /* Products */,
				6D63DC9CA36EE2580B491C68 /* Pods */,
				6A8A7815FE613D1238B8A6D2 /* Frameworks */,
			);
			sourceTree = "<group>";
		};
		30D97A5223764B6C00D63484 /* Products */ = {
			isa = PBXGroup;
			children = (
				30D97A5123764B6C00D63484 /* ACTO Assessment.app */,
				30D97A6723764B7100D63484 /* ACTO AssessmentTests.xctest */,
			);
			name = Products;
			sourceTree = "<group>";
		};
		30D97A5323764B6C00D63484 /* ACTO Assessment */ = {
			isa = PBXGroup;
			children = (
				30D97A5423764B6C00D63484 /* AppDelegate.swift */,
				30D97A5623764B6C00D63484 /* SceneDelegate.swift */,
				30D97A5A23764B6C00D63484 /* Main.storyboard */,
				30D97A5D23764B7100D63484 /* Assets.xcassets */,
				30D97A5F23764B7100D63484 /* LaunchScreen.storyboard */,
				30D97A6223764B7100D63484 /* Info.plist */,
				30D97A7823764C2600D63484 /* Models */,
				30D97A802376525600D63484 /* Networking */,
				30D97A7F2376524D00D63484 /* Views */,
				30D97A83237654E000D63484 /* View Models */,
				30FB6DC6237F273F00C0EFC3 /* Managers */,
			);
			path = "ACTO Assessment";
			sourceTree = "<group>";
		};
		30D97A6A23764B7100D63484 /* ACTO AssessmentTests */ = {
			isa = PBXGroup;
			children = (
				30D97A6B23764B7100D63484 /* ACTO_AssessmentTests.swift */,
				30D97A6D23764B7100D63484 /* Info.plist */,
			);
			path = "ACTO AssessmentTests";
			sourceTree = "<group>";
		};
		30D97A7823764C2600D63484 /* Models */ = {
			isa = PBXGroup;
			children = (
				30D97A7623764C2200D63484 /* User.swift */,
				30FB6DCD2382F50F00C0EFC3 /* Album.swift */,
				30FB6DCF2382F7EF00C0EFC3 /* Photo.swift */,
			);
			path = Models;
			sourceTree = "<group>";
		};
		30D97A7F2376524D00D63484 /* Views */ = {
			isa = PBXGroup;
			children = (
				30D97A7D2376515100D63484 /* UsersTableViewController.swift */,
				30D97A8623765D6600D63484 /* UserTableViewCell.swift */,
				30FB6DC92382F3D900C0EFC3 /* MainNavViewController.swift */,
				30FB6DD12382FA0800C0EFC3 /* AlbumsTableViewController.swift */,
				30FB6DDB2382FFC800C0EFC3 /* PhotosListTableViewController.swift */,
			);
			path = Views;
			sourceTree = "<group>";
		};
		30D97A802376525600D63484 /* Networking */ = {
			isa = PBXGroup;
			children = (
				30D97A7B23764E8800D63484 /* ApiProvider.swift */,
			);
			path = Networking;
			sourceTree = "<group>";
		};
		30D97A83237654E000D63484 /* View Models */ = {
			isa = PBXGroup;
			children = (
				30D97A81237653FF00D63484 /* UsersListViewModel.swift */,
				30D97A84237654F100D63484 /* UserViewModel.swift */,
				30FB6DCB2382F48800C0EFC3 /* NavigationViewModel.swift */,
				30FB6DD32382FA4C00C0EFC3 /* AlbumsListViewModel.swift */,
				30FB6DD52382FB0800C0EFC3 /* AlbumViewModel.swift */,
				30FB6DD72382FE6700C0EFC3 /* PhotosListViewModel.swift */,
				30FB6DD92382FE8A00C0EFC3 /* PhotoViewModel.swift */,
			);
			path = "View Models";
			sourceTree = "<group>";
		};
		30FB6DC6237F273F00C0EFC3 /* Managers */ = {
			isa = PBXGroup;
			children = (
				30FB6DC4237F26BD00C0EFC3 /* RealmManager.swift */,
				30FB6DC7237F274F00C0EFC3 /* NetworkManager.swift */,
			);
			path = Managers;
			sourceTree = "<group>";
		};
		6A8A7815FE613D1238B8A6D2 /* Frameworks */ = {
			isa = PBXGroup;
			children = (
				B641EBA5F7E2CBD72B76314B /* Pods_ACTO_Assessment.framework */,
				D3ECA465C5E980589373703C /* Pods_ACTO_AssessmentTests.framework */,
			);
			name = Frameworks;
			sourceTree = "<group>";
		};
		6D63DC9CA36EE2580B491C68 /* Pods */ = {
			isa = PBXGroup;
			children = (
				00D78C78244072DDE1E2F745 /* Pods-ACTO Assessment.debug.xcconfig */,
				44D5DAD12C13C46BA8C43C49 /* Pods-ACTO Assessment.release.xcconfig */,
				58A41F1F465B5D5CB1B76D6E /* Pods-ACTO AssessmentTests.debug.xcconfig */,
				C1B5FE696B941A3EC991FF93 /* Pods-ACTO AssessmentTests.release.xcconfig */,
			);
			path = Pods;
			sourceTree = "<group>";
		};
/* End PBXGroup section */

/* Begin PBXNativeTarget section */
		30D97A5023764B6C00D63484 /* ACTO Assessment */ = {
			isa = PBXNativeTarget;
			buildConfigurationList = 30D97A7023764B7100D63484 /* Build configuration list for PBXNativeTarget "ACTO Assessment" */;
			buildPhases = (
				33407565C05DE19A60906693 /* [CP] Check Pods Manifest.lock */,
				30D97A4D23764B6C00D63484 /* Sources */,
				30D97A4E23764B6C00D63484 /* Frameworks */,
				30D97A4F23764B6C00D63484 /* Resources */,
				6F06F20ACB5325EC7212C417 /* [CP] Embed Pods Frameworks */,
			);
			buildRules = (
			);
			dependencies = (
			);
			name = "ACTO Assessment";
			productName = "ACTO Assessment";
			productReference = 30D97A5123764B6C00D63484 /* ACTO Assessment.app */;
			productType = "com.apple.product-type.application";
		};
		30D97A6623764B7100D63484 /* ACTO AssessmentTests */ = {
			isa = PBXNativeTarget;
			buildConfigurationList = 30D97A7323764B7100D63484 /* Build configuration list for PBXNativeTarget "ACTO AssessmentTests" */;
			buildPhases = (
				B780C8F2AB1A184F6D7EFFBB /* [CP] Check Pods Manifest.lock */,
				30D97A6323764B7100D63484 /* Sources */,
				30D97A6423764B7100D63484 /* Frameworks */,
				30D97A6523764B7100D63484 /* Resources */,
			);
			buildRules = (
			);
			dependencies = (
				30D97A6923764B7100D63484 /* PBXTargetDependency */,
			);
			name = "ACTO AssessmentTests";
			productName = "ACTO AssessmentTests";
			productReference = 30D97A6723764B7100D63484 /* ACTO AssessmentTests.xctest */;
			productType = "com.apple.product-type.bundle.unit-test";
		};
/* End PBXNativeTarget section */

/* Begin PBXProject section */
		30D97A4923764B6C00D63484 /* Project object */ = {
			isa = PBXProject;
			attributes = {
				LastSwiftUpdateCheck = 1120;
				LastUpgradeCheck = 1120;
				ORGANIZATIONNAME = "Saim Zahid";
				TargetAttributes = {
					30D97A5023764B6C00D63484 = {
						CreatedOnToolsVersion = 11.2;
					};
					30D97A6623764B7100D63484 = {
						CreatedOnToolsVersion = 11.2;
						TestTargetID = 30D97A5023764B6C00D63484;
					};
				};
			};
			buildConfigurationList = 30D97A4C23764B6C00D63484 /* Build configuration list for PBXProject "ACTO Assessment" */;
			compatibilityVersion = "Xcode 9.3";
			developmentRegion = en;
			hasScannedForEncodings = 0;
			knownRegions = (
				en,
				Base,
			);
			mainGroup = 30D97A4823764B6C00D63484;
			productRefGroup = 30D97A5223764B6C00D63484 /* Products */;
			projectDirPath = "";
			projectRoot = "";
			targets = (
				30D97A5023764B6C00D63484 /* ACTO Assessment */,
				30D97A6623764B7100D63484 /* ACTO AssessmentTests */,
			);
		};
/* End PBXProject section */

/* Begin PBXResourcesBuildPhase section */
		30D97A4F23764B6C00D63484 /* Resources */ = {
			isa = PBXResourcesBuildPhase;
			buildActionMask = 2147483647;
			files = (
				30D97A6123764B7100D63484 /* LaunchScreen.storyboard in Resources */,
				30D97A5E23764B7100D63484 /* Assets.xcassets in Resources */,
				30D97A5C23764B6C00D63484 /* Main.storyboard in Resources */,
			);
			runOnlyForDeploymentPostprocessing = 0;
		};
		30D97A6523764B7100D63484 /* Resources */ = {
			isa = PBXResourcesBuildPhase;
			buildActionMask = 2147483647;
			files = (
			);
			runOnlyForDeploymentPostprocessing = 0;
		};
/* End PBXResourcesBuildPhase section */

/* Begin PBXShellScriptBuildPhase section */
		33407565C05DE19A60906693 /* [CP] Check Pods Manifest.lock */ = {
			isa = PBXShellScriptBuildPhase;
			buildActionMask = 2147483647;
			files = (
			);
			inputFileListPaths = (
			);
			inputPaths = (
				"${PODS_PODFILE_DIR_PATH}/Podfile.lock",
				"${PODS_ROOT}/Manifest.lock",
			);
			name = "[CP] Check Pods Manifest.lock";
			outputFileListPaths = (
			);
			outputPaths = (
				"$(DERIVED_FILE_DIR)/Pods-ACTO Assessment-checkManifestLockResult.txt",
			);
			runOnlyForDeploymentPostprocessing = 0;
			shellPath = /bin/sh;
			shellScript = "diff \"${PODS_PODFILE_DIR_PATH}/Podfile.lock\" \"${PODS_ROOT}/Manifest.lock\" > /dev/null\nif [ $? != 0 ] ; then\n    # print error to STDERR\n    echo \"error: The sandbox is not in sync with the Podfile.lock. Run 'pod install' or update your CocoaPods installation.\" >&2\n    exit 1\nfi\n# This output is used by Xcode 'outputs' to avoid re-running this script phase.\necho \"SUCCESS\" > \"${SCRIPT_OUTPUT_FILE_0}\"\n";
			showEnvVarsInLog = 0;
		};
		6F06F20ACB5325EC7212C417 /* [CP] Embed Pods Frameworks */ = {
			isa = PBXShellScriptBuildPhase;
			buildActionMask = 2147483647;
			files = (
			);
			inputFileListPaths = (
				"${PODS_ROOT}/Target Support Files/Pods-ACTO Assessment/Pods-ACTO Assessment-frameworks-${CONFIGURATION}-input-files.xcfilelist",
			);
			name = "[CP] Embed Pods Frameworks";
			outputFileListPaths = (
				"${PODS_ROOT}/Target Support Files/Pods-ACTO Assessment/Pods-ACTO Assessment-frameworks-${CONFIGURATION}-output-files.xcfilelist",
			);
			runOnlyForDeploymentPostprocessing = 0;
			shellPath = /bin/sh;
			shellScript = "\"${PODS_ROOT}/Target Support Files/Pods-ACTO Assessment/Pods-ACTO Assessment-frameworks.sh\"\n";
			showEnvVarsInLog = 0;
		};
		B780C8F2AB1A184F6D7EFFBB /* [CP] Check Pods Manifest.lock */ = {
			isa = PBXShellScriptBuildPhase;
			buildActionMask = 2147483647;
			files = (
			);
			inputFileListPaths = (
			);
			inputPaths = (
				"${PODS_PODFILE_DIR_PATH}/Podfile.lock",
				"${PODS_ROOT}/Manifest.lock",
			);
			name = "[CP] Check Pods Manifest.lock";
			outputFileListPaths = (
			);
			outputPaths = (
				"$(DERIVED_FILE_DIR)/Pods-ACTO AssessmentTests-checkManifestLockResult.txt",
			);
			runOnlyForDeploymentPostprocessing = 0;
			shellPath = /bin/sh;
			shellScript = "diff \"${PODS_PODFILE_DIR_PATH}/Podfile.lock\" \"${PODS_ROOT}/Manifest.lock\" > /dev/null\nif [ $? != 0 ] ; then\n    # print error to STDERR\n    echo \"error: The sandbox is not in sync with the Podfile.lock. Run 'pod install' or update your CocoaPods installation.\" >&2\n    exit 1\nfi\n# This output is used by Xcode 'outputs' to avoid re-running this script phase.\necho \"SUCCESS\" > \"${SCRIPT_OUTPUT_FILE_0}\"\n";
			showEnvVarsInLog = 0;
		};
/* End PBXShellScriptBuildPhase section */

/* Begin PBXSourcesBuildPhase section */
		30D97A4D23764B6C00D63484 /* Sources */ = {
			isa = PBXSourcesBuildPhase;
			buildActionMask = 2147483647;
			files = (
				30FB6DD42382FA4C00C0EFC3 /* AlbumsListViewModel.swift in Sources */,
				30FB6DD02382F7EF00C0EFC3 /* Photo.swift in Sources */,
				30FB6DCE2382F50F00C0EFC3 /* Album.swift in Sources */,
				30FB6DCC2382F48800C0EFC3 /* NavigationViewModel.swift in Sources */,
				30D97A5523764B6C00D63484 /* AppDelegate.swift in Sources */,
				30FB6DD82382FE6700C0EFC3 /* PhotosListViewModel.swift in Sources */,
				30FB6DD22382FA0800C0EFC3 /* AlbumsTableViewController.swift in Sources */,
				30D97A82237653FF00D63484 /* UsersListViewModel.swift in Sources */,
				30FB6DCA2382F3D900C0EFC3 /* MainNavViewController.swift in Sources */,
				30FB6DD62382FB0800C0EFC3 /* AlbumViewModel.swift in Sources */,
				30FB6DC8237F274F00C0EFC3 /* NetworkManager.swift in Sources */,
				30D97A7E2376515100D63484 /* UsersTableViewController.swift in Sources */,
				30D97A7C23764E8800D63484 /* ApiProvider.swift in Sources */,
				30D97A8723765D6600D63484 /* UserTableViewCell.swift in Sources */,
				30FB6DDC2382FFC800C0EFC3 /* PhotosListTableViewController.swift in Sources */,
				30FB6DC5237F26BD00C0EFC3 /* RealmManager.swift in Sources */,
				30FB6DDA2382FE8A00C0EFC3 /* PhotoViewModel.swift in Sources */,
				30D97A5723764B6C00D63484 /* SceneDelegate.swift in Sources */,
				30D97A85237654F100D63484 /* UserViewModel.swift in Sources */,
				30D97A7723764C2200D63484 /* User.swift in Sources */,
			);
			runOnlyForDeploymentPostprocessing = 0;
		};
		30D97A6323764B7100D63484 /* Sources */ = {
			isa = PBXSourcesBuildPhase;
			buildActionMask = 2147483647;
			files = (
				30D97A6C23764B7100D63484 /* ACTO_AssessmentTests.swift in Sources */,
			);
			runOnlyForDeploymentPostprocessing = 0;
		};
/* End PBXSourcesBuildPhase section */

/* Begin PBXTargetDependency section */
		30D97A6923764B7100D63484 /* PBXTargetDependency */ = {
			isa = PBXTargetDependency;
			target = 30D97A5023764B6C00D63484 /* ACTO Assessment */;
			targetProxy = 30D97A6823764B7100D63484 /* PBXContainerItemProxy */;
		};
/* End PBXTargetDependency section */

/* Begin PBXVariantGroup section */
		30D97A5A23764B6C00D63484 /* Main.storyboard */ = {
			isa = PBXVariantGroup;
			children = (
				30D97A5B23764B6C00D63484 /* Base */,
			);
			name = Main.storyboard;
			sourceTree = "<group>";
		};
		30D97A5F23764B7100D63484 /* LaunchScreen.storyboard */ = {
			isa = PBXVariantGroup;
			children = (
				30D97A6023764B7100D63484 /* Base */,
			);
			name = LaunchScreen.storyboard;
			sourceTree = "<group>";
		};
/* End PBXVariantGroup section */

/* Begin XCBuildConfiguration section */
		30D97A6E23764B7100D63484 /* Debug */ = {
			isa = XCBuildConfiguration;
			buildSettings = {
				ALWAYS_SEARCH_USER_PATHS = NO;
				CLANG_ANALYZER_NONNULL = YES;
				CLANG_ANALYZER_NUMBER_OBJECT_CONVERSION = YES_AGGRESSIVE;
				CLANG_CXX_LANGUAGE_STANDARD = "gnu++14";
				CLANG_CXX_LIBRARY = "libc++";
				CLANG_ENABLE_MODULES = YES;
				CLANG_ENABLE_OBJC_ARC = YES;
				CLANG_ENABLE_OBJC_WEAK = YES;
				CLANG_WARN_BLOCK_CAPTURE_AUTORELEASING = YES;
				CLANG_WARN_BOOL_CONVERSION = YES;
				CLANG_WARN_COMMA = YES;
				CLANG_WARN_CONSTANT_CONVERSION = YES;
				CLANG_WARN_DEPRECATED_OBJC_IMPLEMENTATIONS = YES;
				CLANG_WARN_DIRECT_OBJC_ISA_USAGE = YES_ERROR;
				CLANG_WARN_DOCUMENTATION_COMMENTS = YES;
				CLANG_WARN_EMPTY_BODY = YES;
				CLANG_WARN_ENUM_CONVERSION = YES;
				CLANG_WARN_INFINITE_RECURSION = YES;
				CLANG_WARN_INT_CONVERSION = YES;
				CLANG_WARN_NON_LITERAL_NULL_CONVERSION = YES;
				CLANG_WARN_OBJC_IMPLICIT_RETAIN_SELF = YES;
				CLANG_WARN_OBJC_LITERAL_CONVERSION = YES;
				CLANG_WARN_OBJC_ROOT_CLASS = YES_ERROR;
				CLANG_WARN_RANGE_LOOP_ANALYSIS = YES;
				CLANG_WARN_STRICT_PROTOTYPES = YES;
				CLANG_WARN_SUSPICIOUS_MOVE = YES;
				CLANG_WARN_UNGUARDED_AVAILABILITY = YES_AGGRESSIVE;
				CLANG_WARN_UNREACHABLE_CODE = YES;
				CLANG_WARN__DUPLICATE_METHOD_MATCH = YES;
				COPY_PHASE_STRIP = NO;
				DEBUG_INFORMATION_FORMAT = dwarf;
				ENABLE_STRICT_OBJC_MSGSEND = YES;
				ENABLE_TESTABILITY = YES;
				GCC_C_LANGUAGE_STANDARD = gnu11;
				GCC_DYNAMIC_NO_PIC = NO;
				GCC_NO_COMMON_BLOCKS = YES;
				GCC_OPTIMIZATION_LEVEL = 0;
				GCC_PREPROCESSOR_DEFINITIONS = (
					"DEBUG=1",
					"$(inherited)",
				);
				GCC_WARN_64_TO_32_BIT_CONVERSION = YES;
				GCC_WARN_ABOUT_RETURN_TYPE = YES_ERROR;
				GCC_WARN_UNDECLARED_SELECTOR = YES;
				GCC_WARN_UNINITIALIZED_AUTOS = YES_AGGRESSIVE;
				GCC_WARN_UNUSED_FUNCTION = YES;
				GCC_WARN_UNUSED_VARIABLE = YES;
				IPHONEOS_DEPLOYMENT_TARGET = 13.2;
				MTL_ENABLE_DEBUG_INFO = INCLUDE_SOURCE;
				MTL_FAST_MATH = YES;
				ONLY_ACTIVE_ARCH = YES;
				SDKROOT = iphoneos;
				SWIFT_ACTIVE_COMPILATION_CONDITIONS = DEBUG;
				SWIFT_OPTIMIZATION_LEVEL = "-Onone";
			};
			name = Debug;
		};
		30D97A6F23764B7100D63484 /* Release */ = {
			isa = XCBuildConfiguration;
			buildSettings = {
				ALWAYS_SEARCH_USER_PATHS = NO;
				CLANG_ANALYZER_NONNULL = YES;
				CLANG_ANALYZER_NUMBER_OBJECT_CONVERSION = YES_AGGRESSIVE;
				CLANG_CXX_LANGUAGE_STANDARD = "gnu++14";
				CLANG_CXX_LIBRARY = "libc++";
				CLANG_ENABLE_MODULES = YES;
				CLANG_ENABLE_OBJC_ARC = YES;
				CLANG_ENABLE_OBJC_WEAK = YES;
				CLANG_WARN_BLOCK_CAPTURE_AUTORELEASING = YES;
				CLANG_WARN_BOOL_CONVERSION = YES;
				CLANG_WARN_COMMA = YES;
				CLANG_WARN_CONSTANT_CONVERSION = YES;
				CLANG_WARN_DEPRECATED_OBJC_IMPLEMENTATIONS = YES;
				CLANG_WARN_DIRECT_OBJC_ISA_USAGE = YES_ERROR;
				CLANG_WARN_DOCUMENTATION_COMMENTS = YES;
				CLANG_WARN_EMPTY_BODY = YES;
				CLANG_WARN_ENUM_CONVERSION = YES;
				CLANG_WARN_INFINITE_RECURSION = YES;
				CLANG_WARN_INT_CONVERSION = YES;
				CLANG_WARN_NON_LITERAL_NULL_CONVERSION = YES;
				CLANG_WARN_OBJC_IMPLICIT_RETAIN_SELF = YES;
				CLANG_WARN_OBJC_LITERAL_CONVERSION = YES;
				CLANG_WARN_OBJC_ROOT_CLASS = YES_ERROR;
				CLANG_WARN_RANGE_LOOP_ANALYSIS = YES;
				CLANG_WARN_STRICT_PROTOTYPES = YES;
				CLANG_WARN_SUSPICIOUS_MOVE = YES;
				CLANG_WARN_UNGUARDED_AVAILABILITY = YES_AGGRESSIVE;
				CLANG_WARN_UNREACHABLE_CODE = YES;
				CLANG_WARN__DUPLICATE_METHOD_MATCH = YES;
				COPY_PHASE_STRIP = NO;
				DEBUG_INFORMATION_FORMAT = "dwarf-with-dsym";
				ENABLE_NS_ASSERTIONS = NO;
				ENABLE_STRICT_OBJC_MSGSEND = YES;
				GCC_C_LANGUAGE_STANDARD = gnu11;
				GCC_NO_COMMON_BLOCKS = YES;
				GCC_WARN_64_TO_32_BIT_CONVERSION = YES;
				GCC_WARN_ABOUT_RETURN_TYPE = YES_ERROR;
				GCC_WARN_UNDECLARED_SELECTOR = YES;
				GCC_WARN_UNINITIALIZED_AUTOS = YES_AGGRESSIVE;
				GCC_WARN_UNUSED_FUNCTION = YES;
				GCC_WARN_UNUSED_VARIABLE = YES;
				IPHONEOS_DEPLOYMENT_TARGET = 13.2;
				MTL_ENABLE_DEBUG_INFO = NO;
				MTL_FAST_MATH = YES;
				SDKROOT = iphoneos;
				SWIFT_COMPILATION_MODE = wholemodule;
				SWIFT_OPTIMIZATION_LEVEL = "-O";
				VALIDATE_PRODUCT = YES;
			};
			name = Release;
		};
		30D97A7123764B7100D63484 /* Debug */ = {
			isa = XCBuildConfiguration;
			baseConfigurationReference = 00D78C78244072DDE1E2F745 /* Pods-ACTO Assessment.debug.xcconfig */;
			buildSettings = {
				ASSETCATALOG_COMPILER_APPICON_NAME = AppIcon;
				CODE_SIGN_STYLE = Automatic;
				DEVELOPMENT_TEAM = 25LAFJU3F7;
				INFOPLIST_FILE = "ACTO Assessment/Info.plist";
				LD_RUNPATH_SEARCH_PATHS = (
					"$(inherited)",
					"@executable_path/Frameworks",
				);
				PRODUCT_BUNDLE_IDENTIFIER = "Saim.ACTO-Assessment";
				PRODUCT_NAME = "$(TARGET_NAME)";
				SWIFT_VERSION = 5.0;
				TARGETED_DEVICE_FAMILY = "1,2";
			};
			name = Debug;
		};
		30D97A7223764B7100D63484 /* Release */ = {
			isa = XCBuildConfiguration;
			baseConfigurationReference = 44D5DAD12C13C46BA8C43C49 /* Pods-ACTO Assessment.release.xcconfig */;
			buildSettings = {
				ASSETCATALOG_COMPILER_APPICON_NAME = AppIcon;
				CODE_SIGN_STYLE = Automatic;
				DEVELOPMENT_TEAM = 25LAFJU3F7;
				INFOPLIST_FILE = "ACTO Assessment/Info.plist";
				LD_RUNPATH_SEARCH_PATHS = (
					"$(inherited)",
					"@executable_path/Frameworks",
				);
				PRODUCT_BUNDLE_IDENTIFIER = "Saim.ACTO-Assessment";
				PRODUCT_NAME = "$(TARGET_NAME)";
				SWIFT_VERSION = 5.0;
				TARGETED_DEVICE_FAMILY = "1,2";
			};
			name = Release;
		};
		30D97A7423764B7100D63484 /* Debug */ = {
			isa = XCBuildConfiguration;
			baseConfigurationReference = 58A41F1F465B5D5CB1B76D6E /* Pods-ACTO AssessmentTests.debug.xcconfig */;
			buildSettings = {
				ALWAYS_EMBED_SWIFT_STANDARD_LIBRARIES = YES;
				BUNDLE_LOADER = "$(TEST_HOST)";
				CODE_SIGN_STYLE = Automatic;
				DEVELOPMENT_TEAM = 25LAFJU3F7;
				INFOPLIST_FILE = "ACTO AssessmentTests/Info.plist";
				IPHONEOS_DEPLOYMENT_TARGET = 13.2;
				LD_RUNPATH_SEARCH_PATHS = (
					"$(inherited)",
					"@executable_path/Frameworks",
					"@loader_path/Frameworks",
				);
				PRODUCT_BUNDLE_IDENTIFIER = "Saim.ACTO-AssessmentTests";
				PRODUCT_NAME = "$(TARGET_NAME)";
				SWIFT_VERSION = 5.0;
				TARGETED_DEVICE_FAMILY = "1,2";
				TEST_HOST = "$(BUILT_PRODUCTS_DIR)/ACTO Assessment.app/ACTO Assessment";
			};
			name = Debug;
		};
		30D97A7523764B7100D63484 /* Release */ = {
			isa = XCBuildConfiguration;
			baseConfigurationReference = C1B5FE696B941A3EC991FF93 /* Pods-ACTO AssessmentTests.release.xcconfig */;
			buildSettings = {
				ALWAYS_EMBED_SWIFT_STANDARD_LIBRARIES = YES;
				BUNDLE_LOADER = "$(TEST_HOST)";
				CODE_SIGN_STYLE = Automatic;
				DEVELOPMENT_TEAM = 25LAFJU3F7;
				INFOPLIST_FILE = "ACTO AssessmentTests/Info.plist";
				IPHONEOS_DEPLOYMENT_TARGET = 13.2;
				LD_RUNPATH_SEARCH_PATHS = (
					"$(inherited)",
					"@executable_path/Frameworks",
					"@loader_path/Frameworks",
				);
				PRODUCT_BUNDLE_IDENTIFIER = "Saim.ACTO-AssessmentTests";
				PRODUCT_NAME = "$(TARGET_NAME)";
				SWIFT_VERSION = 5.0;
				TARGETED_DEVICE_FAMILY = "1,2";
				TEST_HOST = "$(BUILT_PRODUCTS_DIR)/ACTO Assessment.app/ACTO Assessment";
			};
			name = Release;
		};
/* End XCBuildConfiguration section */

/* Begin XCConfigurationList section */
		30D97A4C23764B6C00D63484 /* Build configuration list for PBXProject "ACTO Assessment" */ = {
			isa = XCConfigurationList;
			buildConfigurations = (
				30D97A6E23764B7100D63484 /* Debug */,
				30D97A6F23764B7100D63484 /* Release */,
			);
			defaultConfigurationIsVisible = 0;
			defaultConfigurationName = Release;
		};
		30D97A7023764B7100D63484 /* Build configuration list for PBXNativeTarget "ACTO Assessment" */ = {
			isa = XCConfigurationList;
			buildConfigurations = (
				30D97A7123764B7100D63484 /* Debug */,
				30D97A7223764B7100D63484 /* Release */,
			);
			defaultConfigurationIsVisible = 0;
			defaultConfigurationName = Release;
		};
		30D97A7323764B7100D63484 /* Build configuration list for PBXNativeTarget "ACTO AssessmentTests" */ = {
			isa = XCConfigurationList;
			buildConfigurations = (
				30D97A7423764B7100D63484 /* Debug */,
				30D97A7523764B7100D63484 /* Release */,
			);
			defaultConfigurationIsVisible = 0;
			defaultConfigurationName = Release;
		};
/* End XCConfigurationList section */
	};
	rootObject = 30D97A4923764B6C00D63484 /* Project object */;
}
