// !$*UTF8*$!
{
	archiveVersion = 1;
	classes = {
	};
	objectVersion = 50;
	objects = {

/* Begin PBXBuildFile section */
		30D97A5523764B6C00D63484 /* AppDelegate.swift in Sources */ = {isa = PBXBuildFile; fileRef = 30D97A5423764B6C00D63484 /* AppDelegate.swift */; };
		30D97A5723764B6C00D63484 /* SceneDelegate.swift in Sources */ = {isa = PBXBuildFile; fileRef = 30D97A5623764B6C00D63484 /* SceneDelegate.swift */; };
		30D97A5C23764B6C00D63484 /* Main.storyboard in Resources */ = {isa = PBXBuildFile; fileRef = 30D97A5A23764B6C00D63484 /* Main.storyboard */; };
		30D97A5E23764B7100D63484 /* Assets.xcassets in Resources */ = {isa = PBXBuildFile; fileRef = 30D97A5D23764B7100D63484 /* Assets.xcassets */; };
		30D97A6123764B7100D63484 /* LaunchScreen.storyboard in Resources */ = {isa = PBXBuildFile; fileRef = 30D97A5F23764B7100D63484 /* LaunchScreen.storyboard */; };
		30D97A6C23764B7100D63484 /* ACTO_AssessmentTests.swift in Sources */ = {isa = PBXBuildFile; fileRef = 30D97A6B23764B7100D63484 /* ACTO_AssessmentTests.swift */; };
/* End PBXBuildFile section */

/* Begin PBXContainerItemProxy section */
		30D97A6823764B7100D63484 /* PBXContainerItemProxy */ = {
			isa = PBXContainerItemProxy;
			containerPortal = 30D97A4923764B6C00D63484 /* Project object */;
			proxyType = 1;
			remoteGlobalIDString = 30D97A5023764B6C00D63484;
			remoteInfo = "ACTO Assessment";
		};
/* End PBXContainerItemProxy section */

/* Begin PBXFileReference section */
		30D97A5123764B6C00D63484 /* ACTO Assessment.app */ = {isa = PBXFileReference; explicitFileType = wrapper.application; includeInIndex = 0; path = "ACTO Assessment.app"; sourceTree = BUILT_PRODUCTS_DIR; };
		30D97A5423764B6C00D63484 /* AppDelegate.swift */ = {isa = PBXFileReference; lastKnownFileType = sourcecode.swift; path = AppDelegate.swift; sourceTree = "<group>"; };
		30D97A5623764B6C00D63484 /* SceneDelegate.swift */ = {isa = PBXFileReference; lastKnownFileType = sourcecode.swift; path = SceneDelegate.swift; sourceTree = "<group>"; };
		30D97A5B23764B6C00D63484 /* Base */ = {isa = PBXFileReference; lastKnownFileType = file.storyboard; name = Base; path = Base.lproj/Main.storyboard; sourceTree = "<group>"; };
		30D97A5D23764B7100D63484 /* Assets.xcassets */ = {isa = PBXFileReference; lastKnownFileType = folder.assetcatalog; path = Assets.xcassets; sourceTree = "<group>"; };
		30D97A6023764B7100D63484 /* Base */ = {isa = PBXFileReference; lastKnownFileType = file.storyboard; name = Base; path = Base.lproj/LaunchScreen.storyboard; sourceTree = "<group>"; };
		30D97A6223764B7100D63484 /* Info.plist */ = {isa = PBXFileReference; lastKnownFileType = text.plist.xml; path = Info.plist; sourceTree = "<group>"; };
		30D97A6723764B7100D63484 /* ACTO AssessmentTests.xctest */ = {isa = PBXFileReference; explicitFileType = wrapper.cfbundle; includeInIndex = 0; path = "ACTO AssessmentTests.xctest"; sourceTree = BUILT_PRODUCTS_DIR; };
		30D97A6B23764B7100D63484 /* ACTO_AssessmentTests.swift */ = {isa = PBXFileReference; lastKnownFileType = sourcecode.swift; path = ACTO_AssessmentTests.swift; sourceTree = "<group>"; };
		30D97A6D23764B7100D63484 /* Info.plist */ = {isa = PBXFileReference; lastKnownFileType = text.plist.xml; path = Info.plist; sourceTree = "<group>"; };
/* End PBXFileReference section */

/* Begin PBXFrameworksBuildPhase section */
		30D97A4E23764B6C00D63484 /* Frameworks */ = {
			isa = PBXFrameworksBuildPhase;
			buildActionMask = 2147483647;
			files = (
			);
			runOnlyForDeploymentPostprocessing = 0;
		};
		30D97A6423764B7100D63484 /* Frameworks */ = {
			isa = PBXFrameworksBuildPhase;
			buildActionMask = 2147483647;
			files = (
			);
			runOnlyForDeploymentPostprocessing = 0;
		};
/* End PBXFrameworksBuildPhase section */

/* Begin PBXGroup section */
		30D97A4823764B6C00D63484 = {
			isa = PBXGroup;
			children = (
				30D97A5323764B6C00D63484 /* ACTO Assessment */,
				30D97A6A23764B7100D63484 /* ACTO AssessmentTests */,
				30D97A5223764B6C00D63484 /* Products */,
			);
			sourceTree = "<group>";
		};
		30D97A5223764B6C00D63484 /* Products */ = {
			isa = PBXGroup;
			children = (
				30D97A5123764B6C00D63484 /* ACTO Assessment.app */,
				30D97A6723764B7100D63484 /* ACTO AssessmentTests.xctest */,
			);
			name = Products;
			sourceTree = "<group>";
		};
		30D97A5323764B6C00D63484 /* ACTO Assessment */ = {
			isa = PBXGroup;
			children = (
				30D97A5423764B6C00D63484 /* AppDelegate.swift */,
				30D97A5623764B6C00D63484 /* SceneDelegate.swift */,
				30D97A5A23764B6C00D63484 /* Main.storyboard */,
				30D97A5D23764B7100D63484 /* Assets.xcassets */,
				30D97A5F23764B7100D63484 /* LaunchScreen.storyboard */,
				30D97A6223764B7100D63484 /* Info.plist */,
			);
			path = "ACTO Assessment";
			sourceTree = "<group>";
		};
		30D97A6A23764B7100D63484 /* ACTO AssessmentTests */ = {
			isa = PBXGroup;
			children = (
				30D97A6B23764B7100D63484 /* ACTO_AssessmentTests.swift */,
				30D97A6D23764B7100D63484 /* Info.plist */,
			);
			path = "ACTO AssessmentTests";
			sourceTree = "<group>";
		};
/* End PBXGroup section */

/* Begin PBXNativeTarget section */
		30D97A5023764B6C00D63484 /* ACTO Assessment */ = {
			isa = PBXNativeTarget;
			buildConfigurationList = 30D97A7023764B7100D63484 /* Build configuration list for PBXNativeTarget "ACTO Assessment" */;
			buildPhases = (
				30D97A4D23764B6C00D63484 /* Sources */,
				30D97A4E23764B6C00D63484 /* Frameworks */,
				30D97A4F23764B6C00D63484 /* Resources */,
			);
			buildRules = (
			);
			dependencies = (
			);
			name = "ACTO Assessment";
			productName = "ACTO Assessment";
			productReference = 30D97A5123764B6C00D63484 /* ACTO Assessment.app */;
			productType = "com.apple.product-type.application";
		};
		30D97A6623764B7100D63484 /* ACTO AssessmentTests */ = {
			isa = PBXNativeTarget;
			buildConfigurationList = 30D97A7323764B7100D63484 /* Build configuration list for PBXNativeTarget "ACTO AssessmentTests" */;
			buildPhases = (
				30D97A6323764B7100D63484 /* Sources */,
				30D97A6423764B7100D63484 /* Frameworks */,
				30D97A6523764B7100D63484 /* Resources */,
			);
			buildRules = (
			);
			dependencies = (
				30D97A6923764B7100D63484 /* PBXTargetDependency */,
			);
			name = "ACTO AssessmentTests";
			productName = "ACTO AssessmentTests";
			productReference = 30D97A6723764B7100D63484 /* ACTO AssessmentTests.xctest */;
			productType = "com.apple.product-type.bundle.unit-test";
		};
/* End PBXNativeTarget section */

/* Begin PBXProject section */
		30D97A4923764B6C00D63484 /* Project object */ = {
			isa = PBXProject;
			attributes = {
				LastSwiftUpdateCheck = 1120;
				LastUpgradeCheck = 1120;
				ORGANIZATIONNAME = "Saim Zahid";
				TargetAttributes = {
					30D97A5023764B6C00D63484 = {
						CreatedOnToolsVersion = 11.2;
					};
					30D97A6623764B7100D63484 = {
						CreatedOnToolsVersion = 11.2;
						TestTargetID = 30D97A5023764B6C00D63484;
					};
				};
			};
			buildConfigurationList = 30D97A4C23764B6C00D63484 /* Build configuration list for PBXProject "ACTO Assessment" */;
			compatibilityVersion = "Xcode 9.3";
			developmentRegion = en;
			hasScannedForEncodings = 0;
			knownRegions = (
				en,
				Base,
			);
			mainGroup = 30D97A4823764B6C00D63484;
			productRefGroup = 30D97A5223764B6C00D63484 /* Products */;
			projectDirPath = "";
			projectRoot = "";
			targets = (
				30D97A5023764B6C00D63484 /* ACTO Assessment */,
				30D97A6623764B7100D63484 /* ACTO AssessmentTests */,
			);
		};
/* End PBXProject section */

/* Begin PBXResourcesBuildPhase section */
		30D97A4F23764B6C00D63484 /* Resources */ = {
			isa = PBXResourcesBuildPhase;
			buildActionMask = 2147483647;
			files = (
				30D97A6123764B7100D63484 /* LaunchScreen.storyboard in Resources */,
				30D97A5E23764B7100D63484 /* Assets.xcassets in Resources */,
				30D97A5C23764B6C00D63484 /* Main.storyboard in Resources */,
			);
			runOnlyForDeploymentPostprocessing = 0;
		};
		30D97A6523764B7100D63484 /* Resources */ = {
			isa = PBXResourcesBuildPhase;
			buildActionMask = 2147483647;
			files = (
			);
			runOnlyForDeploymentPostprocessing = 0;
		};
/* End PBXResourcesBuildPhase section */

/* Begin PBXSourcesBuildPhase section */
		30D97A4D23764B6C00D63484 /* Sources */ = {
			isa = PBXSourcesBuildPhase;
			buildActionMask = 2147483647;
			files = (
				30D97A5523764B6C00D63484 /* AppDelegate.swift in Sources */,
				30D97A5723764B6C00D63484 /* SceneDelegate.swift in Sources */,
			);
			runOnlyForDeploymentPostprocessing = 0;
		};
		30D97A6323764B7100D63484 /* Sources */ = {
			isa = PBXSourcesBuildPhase;
			buildActionMask = 2147483647;
			files = (
				30D97A6C23764B7100D63484 /* ACTO_AssessmentTests.swift in Sources */,
			);
			runOnlyForDeploymentPostprocessing = 0;
		};
/* End PBXSourcesBuildPhase section */

/* Begin PBXTargetDependency section */
		30D97A6923764B7100D63484 /* PBXTargetDependency */ = {
			isa = PBXTargetDependency;
			target = 30D97A5023764B6C00D63484 /* ACTO Assessment */;
			targetProxy = 30D97A6823764B7100D63484 /* PBXContainerItemProxy */;
		};
/* End PBXTargetDependency section */

/* Begin PBXVariantGroup section */
		30D97A5A23764B6C00D63484 /* Main.storyboard */ = {
			isa = PBXVariantGroup;
			children = (
				30D97A5B23764B6C00D63484 /* Base */,
			);
			name = Main.storyboard;
			sourceTree = "<group>";
		};
		30D97A5F23764B7100D63484 /* LaunchScreen.storyboard */ = {
			isa = PBXVariantGroup;
			children = (
				30D97A6023764B7100D63484 /* Base */,
			);
			name = LaunchScreen.storyboard;
			sourceTree = "<group>";
		};
/* End PBXVariantGroup section */

/* Begin XCBuildConfiguration section */
		30D97A6E23764B7100D63484 /* Debug */ = {
			isa = XCBuildConfiguration;
			buildSettings = {
				ALWAYS_SEARCH_USER_PATHS = NO;
				CLANG_ANALYZER_NONNULL = YES;
				CLANG_ANALYZER_NUMBER_OBJECT_CONVERSION = YES_AGGRESSIVE;
				CLANG_CXX_LANGUAGE_STANDARD = "gnu++14";
				CLANG_CXX_LIBRARY = "libc++";
				CLANG_ENABLE_MODULES = YES;
				CLANG_ENABLE_OBJC_ARC = YES;
				CLANG_ENABLE_OBJC_WEAK = YES;
				CLANG_WARN_BLOCK_CAPTURE_AUTORELEASING = YES;
				CLANG_WARN_BOOL_CONVERSION = YES;
				CLANG_WARN_COMMA = YES;
				CLANG_WARN_CONSTANT_CONVERSION = YES;
				CLANG_WARN_DEPRECATED_OBJC_IMPLEMENTATIONS = YES;
				CLANG_WARN_DIRECT_OBJC_ISA_USAGE = YES_ERROR;
				CLANG_WARN_DOCUMENTATION_COMMENTS = YES;
				CLANG_WARN_EMPTY_BODY = YES;
				CLANG_WARN_ENUM_CONVERSION = YES;
				CLANG_WARN_INFINITE_RECURSION = YES;
				CLANG_WARN_INT_CONVERSION = YES;
				CLANG_WARN_NON_LITERAL_NULL_CONVERSION = YES;
				CLANG_WARN_OBJC_IMPLICIT_RETAIN_SELF = YES;
				CLANG_WARN_OBJC_LITERAL_CONVERSION = YES;
				CLANG_WARN_OBJC_ROOT_CLASS = YES_ERROR;
				CLANG_WARN_RANGE_LOOP_ANALYSIS = YES;
				CLANG_WARN_STRICT_PROTOTYPES = YES;
				CLANG_WARN_SUSPICIOUS_MOVE = YES;
				CLANG_WARN_UNGUARDED_AVAILABILITY = YES_AGGRESSIVE;
				CLANG_WARN_UNREACHABLE_CODE = YES;
				CLANG_WARN__DUPLICATE_METHOD_MATCH = YES;
				COPY_PHASE_STRIP = NO;
				DEBUG_INFORMATION_FORMAT = dwarf;
				ENABLE_STRICT_OBJC_MSGSEND = YES;
				ENABLE_TESTABILITY = YES;
				GCC_C_LANGUAGE_STANDARD = gnu11;
				GCC_DYNAMIC_NO_PIC = NO;
				GCC_NO_COMMON_BLOCKS = YES;
				GCC_OPTIMIZATION_LEVEL = 0;
				GCC_PREPROCESSOR_DEFINITIONS = (
					"DEBUG=1",
					"$(inherited)",
				);
				GCC_WARN_64_TO_32_BIT_CONVERSION = YES;
				GCC_WARN_ABOUT_RETURN_TYPE = YES_ERROR;
				GCC_WARN_UNDECLARED_SELECTOR = YES;
				GCC_WARN_UNINITIALIZED_AUTOS = YES_AGGRESSIVE;
				GCC_WARN_UNUSED_FUNCTION = YES;
				GCC_WARN_UNUSED_VARIABLE = YES;
				IPHONEOS_DEPLOYMENT_TARGET = 13.2;
				MTL_ENABLE_DEBUG_INFO = INCLUDE_SOURCE;
				MTL_FAST_MATH = YES;
				ONLY_ACTIVE_ARCH = YES;
				SDKROOT = iphoneos;
				SWIFT_ACTIVE_COMPILATION_CONDITIONS = DEBUG;
				SWIFT_OPTIMIZATION_LEVEL = "-Onone";
			};
			name = Debug;
		};
		30D97A6F23764B7100D63484 /* Release */ = {
			isa = XCBuildConfiguration;
			buildSettings = {
				ALWAYS_SEARCH_USER_PATHS = NO;
				CLANG_ANALYZER_NONNULL = YES;
				CLANG_ANALYZER_NUMBER_OBJECT_CONVERSION = YES_AGGRESSIVE;
				CLANG_CXX_LANGUAGE_STANDARD = "gnu++14";
				CLANG_CXX_LIBRARY = "libc++";
				CLANG_ENABLE_MODULES = YES;
				CLANG_ENABLE_OBJC_ARC = YES;
				CLANG_ENABLE_OBJC_WEAK = YES;
				CLANG_WARN_BLOCK_CAPTURE_AUTORELEASING = YES;
				CLANG_WARN_BOOL_CONVERSION = YES;
				CLANG_WARN_COMMA = YES;
				CLANG_WARN_CONSTANT_CONVERSION = YES;
				CLANG_WARN_DEPRECATED_OBJC_IMPLEMENTATIONS = YES;
				CLANG_WARN_DIRECT_OBJC_ISA_USAGE = YES_ERROR;
				CLANG_WARN_DOCUMENTATION_COMMENTS = YES;
				CLANG_WARN_EMPTY_BODY = YES;
				CLANG_WARN_ENUM_CONVERSION = YES;
				CLANG_WARN_INFINITE_RECURSION = YES;
				CLANG_WARN_INT_CONVERSION = YES;
				CLANG_WARN_NON_LITERAL_NULL_CONVERSION = YES;
				CLANG_WARN_OBJC_IMPLICIT_RETAIN_SELF = YES;
				CLANG_WARN_OBJC_LITERAL_CONVERSION = YES;
				CLANG_WARN_OBJC_ROOT_CLASS = YES_ERROR;
				CLANG_WARN_RANGE_LOOP_ANALYSIS = YES;
				CLANG_WARN_STRICT_PROTOTYPES = YES;
				CLANG_WARN_SUSPICIOUS_MOVE = YES;
				CLANG_WARN_UNGUARDED_AVAILABILITY = YES_AGGRESSIVE;
				CLANG_WARN_UNREACHABLE_CODE = YES;
				CLANG_WARN__DUPLICATE_METHOD_MATCH = YES;
				COPY_PHASE_STRIP = NO;
				DEBUG_INFORMATION_FORMAT = "dwarf-with-dsym";
				ENABLE_NS_ASSERTIONS = NO;
				ENABLE_STRICT_OBJC_MSGSEND = YES;
				GCC_C_LANGUAGE_STANDARD = gnu11;
				GCC_NO_COMMON_BLOCKS = YES;
				GCC_WARN_64_TO_32_BIT_CONVERSION = YES;
				GCC_WARN_ABOUT_RETURN_TYPE = YES_ERROR;
				GCC_WARN_UNDECLARED_SELECTOR = YES;
				GCC_WARN_UNINITIALIZED_AUTOS = YES_AGGRESSIVE;
				GCC_WARN_UNUSED_FUNCTION = YES;
				GCC_WARN_UNUSED_VARIABLE = YES;
				IPHONEOS_DEPLOYMENT_TARGET = 13.2;
				MTL_ENABLE_DEBUG_INFO = NO;
				MTL_FAST_MATH = YES;
				SDKROOT = iphoneos;
				SWIFT_COMPILATION_MODE = wholemodule;
				SWIFT_OPTIMIZATION_LEVEL = "-O";
				VALIDATE_PRODUCT = YES;
			};
			name = Release;
		};
		30D97A7123764B7100D63484 /* Debug */ = {
			isa = XCBuildConfiguration;
			buildSettings = {
				ASSETCATALOG_COMPILER_APPICON_NAME = AppIcon;
				CODE_SIGN_STYLE = Automatic;
				DEVELOPMENT_TEAM = 25LAFJU3F7;
				INFOPLIST_FILE = "ACTO Assessment/Info.plist";
				LD_RUNPATH_SEARCH_PATHS = (
					"$(inherited)",
					"@executable_path/Frameworks",
				);
				PRODUCT_BUNDLE_IDENTIFIER = "Saim.ACTO-Assessment";
				PRODUCT_NAME = "$(TARGET_NAME)";
				SWIFT_VERSION = 5.0;
				TARGETED_DEVICE_FAMILY = "1,2";
			};
			name = Debug;
		};
		30D97A7223764B7100D63484 /* Release */ = {
			isa = XCBuildConfiguration;
			buildSettings = {
				ASSETCATALOG_COMPILER_APPICON_NAME = AppIcon;
				CODE_SIGN_STYLE = Automatic;
				DEVELOPMENT_TEAM = 25LAFJU3F7;
				INFOPLIST_FILE = "ACTO Assessment/Info.plist";
				LD_RUNPATH_SEARCH_PATHS = (
					"$(inherited)",
					"@executable_path/Frameworks",
				);
				PRODUCT_BUNDLE_IDENTIFIER = "Saim.ACTO-Assessment";
				PRODUCT_NAME = "$(TARGET_NAME)";
				SWIFT_VERSION = 5.0;
				TARGETED_DEVICE_FAMILY = "1,2";
			};
			name = Release;
		};
		30D97A7423764B7100D63484 /* Debug */ = {
			isa = XCBuildConfiguration;
			buildSettings = {
				ALWAYS_EMBED_SWIFT_STANDARD_LIBRARIES = YES;
				BUNDLE_LOADER = "$(TEST_HOST)";
				CODE_SIGN_STYLE = Automatic;
				DEVELOPMENT_TEAM = 25LAFJU3F7;
				INFOPLIST_FILE = "ACTO AssessmentTests/Info.plist";
				IPHONEOS_DEPLOYMENT_TARGET = 13.2;
				LD_RUNPATH_SEARCH_PATHS = (
					"$(inherited)",
					"@executable_path/Frameworks",
					"@loader_path/Frameworks",
				);
				PRODUCT_BUNDLE_IDENTIFIER = "Saim.ACTO-AssessmentTests";
				PRODUCT_NAME = "$(TARGET_NAME)";
				SWIFT_VERSION = 5.0;
				TARGETED_DEVICE_FAMILY = "1,2";
				TEST_HOST = "$(BUILT_PRODUCTS_DIR)/ACTO Assessment.app/ACTO Assessment";
			};
			name = Debug;
		};
		30D97A7523764B7100D63484 /* Release */ = {
			isa = XCBuildConfiguration;
			buildSettings = {
				ALWAYS_EMBED_SWIFT_STANDARD_LIBRARIES = YES;
				BUNDLE_LOADER = "$(TEST_HOST)";
				CODE_SIGN_STYLE = Automatic;
				DEVELOPMENT_TEAM = 25LAFJU3F7;
				INFOPLIST_FILE = "ACTO AssessmentTests/Info.plist";
				IPHONEOS_DEPLOYMENT_TARGET = 13.2;
				LD_RUNPATH_SEARCH_PATHS = (
					"$(inherited)",
					"@executable_path/Frameworks",
					"@loader_path/Frameworks",
				);
				PRODUCT_BUNDLE_IDENTIFIER = "Saim.ACTO-AssessmentTests";
				PRODUCT_NAME = "$(TARGET_NAME)";
				SWIFT_VERSION = 5.0;
				TARGETED_DEVICE_FAMILY = "1,2";
				TEST_HOST = "$(BUILT_PRODUCTS_DIR)/ACTO Assessment.app/ACTO Assessment";
			};
			name = Release;
		};
/* End XCBuildConfiguration section */

/* Begin XCConfigurationList section */
		30D97A4C23764B6C00D63484 /* Build configuration list for PBXProject "ACTO Assessment" */ = {
			isa = XCConfigurationList;
			buildConfigurations = (
				30D97A6E23764B7100D63484 /* Debug */,
				30D97A6F23764B7100D63484 /* Release */,
			);
			defaultConfigurationIsVisible = 0;
			defaultConfigurationName = Release;
		};
		30D97A7023764B7100D63484 /* Build configuration list for PBXNativeTarget "ACTO Assessment" */ = {
			isa = XCConfigurationList;
			buildConfigurations = (
				30D97A7123764B7100D63484 /* Debug */,
				30D97A7223764B7100D63484 /* Release */,
			);
			defaultConfigurationIsVisible = 0;
			defaultConfigurationName = Release;
		};
		30D97A7323764B7100D63484 /* Build configuration list for PBXNativeTarget "ACTO AssessmentTests" */ = {
			isa = XCConfigurationList;
			buildConfigurations = (
				30D97A7423764B7100D63484 /* Debug */,
				30D97A7523764B7100D63484 /* Release */,
			);
			defaultConfigurationIsVisible = 0;
			defaultConfigurationName = Release;
		};
/* End XCConfigurationList section */
	};
	rootObject = 30D97A4923764B6C00D63484 /* Project object */;
}
